# This file was autogenerated by Stack.
# You should not edit this file by hand.
# For more information, please see the documentation at:
#   https://docs.haskellstack.org/en/stable/lock_files

packages:
- completed:
    hackage: posix-pty-0.2.2@sha256:dd777df258b3b95fe01612c1204cde972ad1323c3289591ecc844ecb29e55e2b,1826
    pantry-tree:
      sha256: 1165406e7998cf570fad6274a406c0e8c08357a1e60668f9cc8c0f269f457e30
      size: 512
  original:
    hackage: posix-pty-0.2.2@sha256:dd777df258b3b95fe01612c1204cde972ad1323c3289591ecc844ecb29e55e2b,1826
- completed:
    hackage: command-0.1.1@sha256:5232b98c195bc3b8a6f35c55ccd2fa424abe355ca54cfcd836bbe7e494834773,1110
    pantry-tree:
      sha256: 1ecfeb4b1367de6b489dbda20be05df78beb07f71d7c0b1f471fab1cd9c8044a
      size: 167
  original:
    hackage: command-0.1.1@sha256:5232b98c195bc3b8a6f35c55ccd2fa424abe355ca54cfcd836bbe7e494834773,1110
- completed:
    name: hnutmeg
    pantry-tree:
      sha256: 5327c4819f1e0cf5ab2eed7b21628dd8e12172c15e389768f523da7d9b36f1b8
      size: 1835
    sha256: 041413d687aed81b4a70ec27e8a2ade746427fec189cc5459bee13643d7ef237
    size: 2163679
    url: https://github.com/AugustUnderground/hnutmeg/archive/24cfc5832abb4ac50f82ae2a2b680fe7751d3319.tar.gz
    version: 0.2.2.0
  original:
    url: https://github.com/AugustUnderground/hnutmeg/archive/24cfc5832abb4ac50f82ae2a2b680fe7751d3319.tar.gz
snapshots:
- completed:
    sha256: 428ec8d5ce932190d3cbe266b9eb3c175cd81e984babf876b64019e2cbe4ea68
    size: 590100
    url: https://raw.githubusercontent.com/commercialhaskell/stackage-snapshots/master/lts/18/28.yaml
  original: lts-18.28
